
Microsoft Visual Studio Solution File, Format Version 12.00
# Visual Studio Version 17
VisualStudioVersion = 17.11.35327.3
MinimumVisualStudioVersion = 10.0.40219.1
Project("{FAE04EC0-301F-11D3-BF4B-00C04F79EFBC}") = "Game", "Game\Game.csproj", "{B344F9C5-D647-4291-AABA-02C04434E6B9}"
EndProject
Global
	GlobalSection(SolutionConfigurationPlatforms) = preSolution
		Debug|Any CPU = Debug|Any CPU
		Release|Any CPU = Release|Any CPU
	EndGlobalSection
	GlobalSection(ProjectConfigurationPlatforms) = postSolution
		{B344F9C5-D647-4291-AABA-02C04434E6B9}.Debug|Any CPU.ActiveCfg = Debug|Any CPU
		{B344F9C5-D647-4291-AABA-02C04434E6B9}.Debug|Any CPU.Build.0 = Debug|Any CPU
		{B344F9C5-D647-4291-AABA-02C04434E6B9}.Release|Any CPU.ActiveCfg = Release|Any CPU
		{B344F9C5-D647-4291-AABA-02C04434E6B9}.Release|Any CPU.Build.0 = Release|Any CPU
	EndGlobalSection
	GlobalSection(SolutionProperties) = preSolution
		HideSolutionNode = FALSE
	EndGlobalSection
	GlobalSection(ExtensibilityGlobals) = postSolution
		SolutionGuid = {C116D5B5-4F62-4DD6-B1AF-47977DCF0E7D}
	EndGlobalSection
EndGlobal
